
Microsoft Visual Studio Solution File, Format Version 12.00
# Visual Studio Version 17
VisualStudioVersion = 17.8.34525.116
MinimumVisualStudioVersion = 10.0.40219.1
Project("{FAE04EC0-301F-11D3-BF4B-00C04F79EFBC}") = "ASP7", "ASP7\ASP7.csproj", "{F3DBEDBE-01DA-42C8-8118-51B7B9FE919F}"
EndProject
Global
	GlobalSection(SolutionConfigurationPlatforms) = preSolution
		Debug|Any CPU = Debug|Any CPU
		Release|Any CPU = Release|Any CPU
	EndGlobalSection
	GlobalSection(ProjectConfigurationPlatforms) = postSolution
		{F3DBEDBE-01DA-42C8-8118-51B7B9FE919F}.Debug|Any CPU.ActiveCfg = Debug|Any CPU
		{F3DBEDBE-01DA-42C8-8118-51B7B9FE919F}.Debug|Any CPU.Build.0 = Debug|Any CPU
		{F3DBEDBE-01DA-42C8-8118-51B7B9FE919F}.Release|Any CPU.ActiveCfg = Release|Any CPU
		{F3DBEDBE-01DA-42C8-8118-51B7B9FE919F}.Release|Any CPU.Build.0 = Release|Any CPU
	EndGlobalSection
	GlobalSection(SolutionProperties) = preSolution
		HideSolutionNode = FALSE
	EndGlobalSection
	GlobalSection(ExtensibilityGlobals) = postSolution
		SolutionGuid = {8E5B9513-0D0E-4F37-B130-B88420DBA88E}
	EndGlobalSection
EndGlobal
